
Microsoft Visual Studio Solution File, Format Version 12.00
# Visual Studio Version 16
VisualStudioVersion = 16.0.30320.27
MinimumVisualStudioVersion = 10.0.40219.1
Project("{FAE04EC0-301F-11D3-BF4B-00C04F79EFBC}") = "MyShop.Core", "..\MyShop.Core\MyShop.Core.csproj", "{ECA9892F-225B-4B00-A303-4A3923185770}"
EndProject
Project("{FAE04EC0-301F-11D3-BF4B-00C04F79EFBC}") = "MyShop.Services", "..\MyShop.Services\MyShop.Services.csproj", "{379975BB-7102-4BFA-B2D4-44F89B3AD863}"
EndProject
Project("{FAE04EC0-301F-11D3-BF4B-00C04F79EFBC}") = "MyShop.DataAccess.SQL", "..\MyShop.DataAccess.SQL\MyShop.DataAccess.SQL.csproj", "{205D4BD9-51EE-4A2C-950A-A515A142C32E}"
EndProject
Project("{FAE04EC0-301F-11D3-BF4B-00C04F79EFBC}") = "MyShop.DataAccess.InMemory", "..\MyShop.DataAccess.InMemory\MyShop.DataAccess.InMemory.csproj", "{FA241563-4B9B-427F-A98A-90F62EA5CC06}"
EndProject
Project("{FAE04EC0-301F-11D3-BF4B-00C04F79EFBC}") = "MyShop.WebUI", "..\MyShop.WebUI\MyShop.WebUI.csproj", "{683AA139-E07B-489B-80ED-57CBD868C071}"
EndProject
Project("{FAE04EC0-301F-11D3-BF4B-00C04F79EFBC}") = "MyShop.WebUI.Tests", "MyShop.WebUI.Tests\MyShop.WebUI.Tests.csproj", "{B152AC45-9428-430F-BDA9-8D843218967A}"
EndProject
Global
	GlobalSection(SolutionConfigurationPlatforms) = preSolution
		Debug|Any CPU = Debug|Any CPU
		Release|Any CPU = Release|Any CPU
	EndGlobalSection
	GlobalSection(ProjectConfigurationPlatforms) = postSolution
		{ECA9892F-225B-4B00-A303-4A3923185770}.Debug|Any CPU.ActiveCfg = Debug|Any CPU
		{ECA9892F-225B-4B00-A303-4A3923185770}.Debug|Any CPU.Build.0 = Debug|Any CPU
		{ECA9892F-225B-4B00-A303-4A3923185770}.Release|Any CPU.ActiveCfg = Release|Any CPU
		{ECA9892F-225B-4B00-A303-4A3923185770}.Release|Any CPU.Build.0 = Release|Any CPU
		{379975BB-7102-4BFA-B2D4-44F89B3AD863}.Debug|Any CPU.ActiveCfg = Debug|Any CPU
		{379975BB-7102-4BFA-B2D4-44F89B3AD863}.Debug|Any CPU.Build.0 = Debug|Any CPU
		{379975BB-7102-4BFA-B2D4-44F89B3AD863}.Release|Any CPU.ActiveCfg = Release|Any CPU
		{379975BB-7102-4BFA-B2D4-44F89B3AD863}.Release|Any CPU.Build.0 = Release|Any CPU
		{205D4BD9-51EE-4A2C-950A-A515A142C32E}.Debug|Any CPU.ActiveCfg = Debug|Any CPU
		{205D4BD9-51EE-4A2C-950A-A515A142C32E}.Debug|Any CPU.Build.0 = Debug|Any CPU
		{205D4BD9-51EE-4A2C-950A-A515A142C32E}.Release|Any CPU.ActiveCfg = Release|Any CPU
		{205D4BD9-51EE-4A2C-950A-A515A142C32E}.Release|Any CPU.Build.0 = Release|Any CPU
		{FA241563-4B9B-427F-A98A-90F62EA5CC06}.Debug|Any CPU.ActiveCfg = Debug|Any CPU
		{FA241563-4B9B-427F-A98A-90F62EA5CC06}.Debug|Any CPU.Build.0 = Debug|Any CPU
		{FA241563-4B9B-427F-A98A-90F62EA5CC06}.Release|Any CPU.ActiveCfg = Release|Any CPU
		{FA241563-4B9B-427F-A98A-90F62EA5CC06}.Release|Any CPU.Build.0 = Release|Any CPU
		{683AA139-E07B-489B-80ED-57CBD868C071}.Debug|Any CPU.ActiveCfg = Debug|Any CPU
		{683AA139-E07B-489B-80ED-57CBD868C071}.Debug|Any CPU.Build.0 = Debug|Any CPU
		{683AA139-E07B-489B-80ED-57CBD868C071}.Release|Any CPU.ActiveCfg = Release|Any CPU
		{683AA139-E07B-489B-80ED-57CBD868C071}.Release|Any CPU.Build.0 = Release|Any CPU
		{B152AC45-9428-430F-BDA9-8D843218967A}.Debug|Any CPU.ActiveCfg = Debug|Any CPU
		{B152AC45-9428-430F-BDA9-8D843218967A}.Debug|Any CPU.Build.0 = Debug|Any CPU
		{B152AC45-9428-430F-BDA9-8D843218967A}.Release|Any CPU.ActiveCfg = Release|Any CPU
		{B152AC45-9428-430F-BDA9-8D843218967A}.Release|Any CPU.Build.0 = Release|Any CPU
	EndGlobalSection
	GlobalSection(SolutionProperties) = preSolution
		HideSolutionNode = FALSE
	EndGlobalSection
	GlobalSection(ExtensibilityGlobals) = postSolution
		SolutionGuid = {9E21D3F0-F58F-46F7-91DD-AFACF1A6645C}
	EndGlobalSection
EndGlobal
